
Microsoft Visual Studio Solution File, Format Version 12.00
# Visual Studio Version 16
VisualStudioVersion = 16.0.30803.129
MinimumVisualStudioVersion = 10.0.40219.1
Project("{F2A71F9B-5D33-465A-A702-920D77279786}") = "AddData", "MLNET_CosmosDB\AddData.fsproj", "{9D05E1B4-0763-413E-8AB5-579C53E73550}"
EndProject
Project("{FAE04EC0-301F-11D3-BF4B-00C04F79EFBC}") = "TrainModel", "TrainModel\TrainModel.csproj", "{EA27B6D1-AF8C-4273-988E-920EF3266FC0}"
EndProject
Global
	GlobalSection(SolutionConfigurationPlatforms) = preSolution
		Debug|Any CPU = Debug|Any CPU
		Release|Any CPU = Release|Any CPU
	EndGlobalSection
	GlobalSection(ProjectConfigurationPlatforms) = postSolution
		{9D05E1B4-0763-413E-8AB5-579C53E73550}.Debug|Any CPU.ActiveCfg = Debug|Any CPU
		{9D05E1B4-0763-413E-8AB5-579C53E73550}.Debug|Any CPU.Build.0 = Debug|Any CPU
		{9D05E1B4-0763-413E-8AB5-579C53E73550}.Release|Any CPU.ActiveCfg = Release|Any CPU
		{9D05E1B4-0763-413E-8AB5-579C53E73550}.Release|Any CPU.Build.0 = Release|Any CPU
		{EA27B6D1-AF8C-4273-988E-920EF3266FC0}.Debug|Any CPU.ActiveCfg = Debug|Any CPU
		{EA27B6D1-AF8C-4273-988E-920EF3266FC0}.Debug|Any CPU.Build.0 = Debug|Any CPU
		{EA27B6D1-AF8C-4273-988E-920EF3266FC0}.Release|Any CPU.ActiveCfg = Release|Any CPU
		{EA27B6D1-AF8C-4273-988E-920EF3266FC0}.Release|Any CPU.Build.0 = Release|Any CPU
	EndGlobalSection
	GlobalSection(SolutionProperties) = preSolution
		HideSolutionNode = FALSE
	EndGlobalSection
	GlobalSection(ExtensibilityGlobals) = postSolution
		SolutionGuid = {1CD60320-4417-45BE-9C53-711C66223EA2}
	EndGlobalSection
EndGlobal
